
Microsoft Visual Studio Solution File, Format Version 12.00
# Visual Studio Version 16
VisualStudioVersion = 16.0.810.22
MinimumVisualStudioVersion = 10.0.40219.1
Project("{FAE04EC0-301F-11D3-BF4B-00C04F79EFBC}") = "Touristic_App", "Touristic_App\Touristic_App.csproj", "{FB90A92A-ABF4-41DA-8D6A-CABE601ABEC3}"
EndProject
Global
	GlobalSection(SolutionConfigurationPlatforms) = preSolution
		Debug|Any CPU = Debug|Any CPU
		Release|Any CPU = Release|Any CPU
	EndGlobalSection
	GlobalSection(ProjectConfigurationPlatforms) = postSolution
		{FB90A92A-ABF4-41DA-8D6A-CABE601ABEC3}.Debug|Any CPU.ActiveCfg = Debug|Any CPU
		{FB90A92A-ABF4-41DA-8D6A-CABE601ABEC3}.Debug|Any CPU.Build.0 = Debug|Any CPU
		{FB90A92A-ABF4-41DA-8D6A-CABE601ABEC3}.Release|Any CPU.ActiveCfg = Release|Any CPU
		{FB90A92A-ABF4-41DA-8D6A-CABE601ABEC3}.Release|Any CPU.Build.0 = Release|Any CPU
	EndGlobalSection
	GlobalSection(SolutionProperties) = preSolution
		HideSolutionNode = FALSE
	EndGlobalSection
	GlobalSection(ExtensibilityGlobals) = postSolution
		SolutionGuid = {1C72E003-5F3C-4599-A594-726B5A83307A}
	EndGlobalSection
EndGlobal
